
Microsoft Visual Studio Solution File, Format Version 12.00
# Visual Studio 15
VisualStudioVersion = 15.0.27004.2008
MinimumVisualStudioVersion = 10.0.40219.1
Project("{2150E333-8FDC-42A3-9474-1A3956D46DE8}") = "src", "src", "{F5271E44-F991-4F50-9265-9C061EEC72F6}"
EndProject
Project("{2150E333-8FDC-42A3-9474-1A3956D46DE8}") = "Solution Items", "Solution Items", "{1D62B04F-340D-44E9-BB10-7441E591D072}"
EndProject
Project("{9A19103F-16F7-4668-BE54-9A1E7A4F7556}") = "RSNG.MainSite", "src\RSNG.MainSite\RSNG.MainSite.csproj", "{4EC3A5C9-BF7A-4D06-A08D-F4B298ED6435}"
EndProject
Project("{FAE04EC0-301F-11D3-BF4B-00C04F79EFBC}") = "ING.Site", "ING.Site\ING.Site.csproj", "{95262764-F1CD-4AF9-AC58-D7BAB6E7A42F}"
EndProject
Global
	GlobalSection(SolutionConfigurationPlatforms) = preSolution
		Debug|Any CPU = Debug|Any CPU
		Release|Any CPU = Release|Any CPU
	EndGlobalSection
	GlobalSection(ProjectConfigurationPlatforms) = postSolution
		{4EC3A5C9-BF7A-4D06-A08D-F4B298ED6435}.Debug|Any CPU.ActiveCfg = Debug|Any CPU
		{4EC3A5C9-BF7A-4D06-A08D-F4B298ED6435}.Debug|Any CPU.Build.0 = Debug|Any CPU
		{4EC3A5C9-BF7A-4D06-A08D-F4B298ED6435}.Release|Any CPU.ActiveCfg = Release|Any CPU
		{4EC3A5C9-BF7A-4D06-A08D-F4B298ED6435}.Release|Any CPU.Build.0 = Release|Any CPU
		{95262764-F1CD-4AF9-AC58-D7BAB6E7A42F}.Debug|Any CPU.ActiveCfg = Debug|Any CPU
		{95262764-F1CD-4AF9-AC58-D7BAB6E7A42F}.Debug|Any CPU.Build.0 = Debug|Any CPU
		{95262764-F1CD-4AF9-AC58-D7BAB6E7A42F}.Release|Any CPU.ActiveCfg = Release|Any CPU
		{95262764-F1CD-4AF9-AC58-D7BAB6E7A42F}.Release|Any CPU.Build.0 = Release|Any CPU
	EndGlobalSection
	GlobalSection(SolutionProperties) = preSolution
		HideSolutionNode = FALSE
	EndGlobalSection
	GlobalSection(NestedProjects) = preSolution
		{4EC3A5C9-BF7A-4D06-A08D-F4B298ED6435} = {F5271E44-F991-4F50-9265-9C061EEC72F6}
	EndGlobalSection
	GlobalSection(ExtensibilityGlobals) = postSolution
		SolutionGuid = {FF3534BE-A4DB-4672-AA40-DD036D672795}
	EndGlobalSection
EndGlobal
